
Microsoft Visual Studio Solution File, Format Version 12.00
# Visual Studio Version 17
VisualStudioVersion = 17.9.34622.214
MinimumVisualStudioVersion = 10.0.40219.1
Project("{FAE04EC0-301F-11D3-BF4B-00C04F79EFBC}") = "FlightManagementSys", "FlightManagementSys\FlightManagementSys.csproj", "{69689DC9-A754-417D-8668-BC2BE3395638}"
EndProject
Global
	GlobalSection(SolutionConfigurationPlatforms) = preSolution
		Debug|Any CPU = Debug|Any CPU
		Release|Any CPU = Release|Any CPU
	EndGlobalSection
	GlobalSection(ProjectConfigurationPlatforms) = postSolution
		{69689DC9-A754-417D-8668-BC2BE3395638}.Debug|Any CPU.ActiveCfg = Debug|Any CPU
		{69689DC9-A754-417D-8668-BC2BE3395638}.Debug|Any CPU.Build.0 = Debug|Any CPU
		{69689DC9-A754-417D-8668-BC2BE3395638}.Release|Any CPU.ActiveCfg = Release|Any CPU
		{69689DC9-A754-417D-8668-BC2BE3395638}.Release|Any CPU.Build.0 = Release|Any CPU
	EndGlobalSection
	GlobalSection(SolutionProperties) = preSolution
		HideSolutionNode = FALSE
	EndGlobalSection
	GlobalSection(ExtensibilityGlobals) = postSolution
		SolutionGuid = {165C4AEC-9D56-4713-9BBB-321906CA48FB}
	EndGlobalSection
EndGlobal
